
Microsoft Visual Studio Solution File, Format Version 12.00
# Visual Studio Version 18
VisualStudioVersion = 18.0.0.0
MinimumVisualStudioVersion = 10.0.40219.1
Project("{FAE04EC0-301F-11D3-BF4B-00C04F79EFBC}") = "LECommonLibrary", "src\LECommonLibrary\LECommonLibrary.csproj", "{C4DEF32B-8FBB-41B6-80DC-C60339402323}"
EndProject
Project("{FAE04EC0-301F-11D3-BF4B-00C04F79EFBC}") = "LEProc", "src\LEProc\LEProc.csproj", "{A2CF5369-4665-49F6-B948-B44296002C3D}"
EndProject
Project("{FAE04EC0-301F-11D3-BF4B-00C04F79EFBC}") = "LEGUI", "src\LEGUI\LEGUI.csproj", "{33B8F5CA-34A7-4826-BAD9-7CEC63DF4D0C}"
EndProject
Project("{8BC9CEB8-8B4A-11D0-8D11-00A0C91BC942}") = "LoaderDll", "src\Core\LoaderDll\LoaderDll.vcxproj", "{7015572F-2B06-48AF-8CEA-340ACE68D25A}"
EndProject
Project("{8BC9CEB8-8B4A-11D0-8D11-00A0C91BC942}") = "LocaleEmulator", "src\Core\LocaleEmulator\LocaleEmulator.vcxproj", "{B8B77FAC-92E4-4F3C-9A4E-11BE704B01EC}"
EndProject
Project("{8BC9CEB8-8B4A-11D0-8D11-00A0C91BC942}") = "Loader", "src\Core\Loader\Loader.vcxproj", "{1F17C570-17A3-4543-98CC-486AA25BB7F2}"
EndProject
Project("{2150E333-8FDC-42A3-9474-1A3956D46DE8}") = "tests", "tests", "{0AB3BF05-4346-4AA6-1389-037BE0695223}"
EndProject
Project("{8BC9CEB8-8B4A-11D0-8D11-00A0C91BC942}") = "ShellExtension.Tests", "tests\ShellExtension.Tests\ShellExtension.Tests.vcxproj", "{F7A1B2C3-4D5E-6F78-9A0B-C1D2E3F40001}"
EndProject
Project("{FAE04EC0-301F-11D3-BF4B-00C04F79EFBC}") = "LECommonLibrary.Tests", "tests\LECommonLibrary.Tests\LECommonLibrary.Tests.csproj", "{D2EDD4A9-7F60-46A4-8A78-C83E9DA62212}"
EndProject
Project("{2150E333-8FDC-42A3-9474-1A3956D46DE8}") = "src", "src", "{827E0CD3-B72D-47B6-A68D-7590B98EB39B}"
EndProject
Project("{FAE04EC0-301F-11D3-BF4B-00C04F79EFBC}") = "LEProc.Tests", "tests\LEProc.Tests\LEProc.Tests.csproj", "{BC696E0F-75D9-478B-9F3B-AF2B8F76CC1E}"
EndProject
Project("{FAE04EC0-301F-11D3-BF4B-00C04F79EFBC}") = "LEGUI.Tests", "tests\LEGUI.Tests\LEGUI.Tests.csproj", "{A33272A7-5B75-4F41-8F7E-89479417B49C}"
EndProject
Global
	GlobalSection(SolutionConfigurationPlatforms) = preSolution
		Debug|Any CPU = Debug|Any CPU
		Debug|Win32 = Debug|Win32
		Debug|x64 = Debug|x64
		Debug|x86 = Debug|x86
		Release|Any CPU = Release|Any CPU
		Release|Win32 = Release|Win32
		Release|x64 = Release|x64
		Release|x86 = Release|x86
	EndGlobalSection
	GlobalSection(ProjectConfigurationPlatforms) = postSolution
		{C4DEF32B-8FBB-41B6-80DC-C60339402323}.Debug|Any CPU.ActiveCfg = Debug|Any CPU
		{C4DEF32B-8FBB-41B6-80DC-C60339402323}.Debug|Any CPU.Build.0 = Debug|Any CPU
		{C4DEF32B-8FBB-41B6-80DC-C60339402323}.Debug|Win32.ActiveCfg = Debug|Any CPU
		{C4DEF32B-8FBB-41B6-80DC-C60339402323}.Debug|Win32.Build.0 = Debug|Any CPU
		{C4DEF32B-8FBB-41B6-80DC-C60339402323}.Debug|x64.ActiveCfg = Debug|Any CPU
		{C4DEF32B-8FBB-41B6-80DC-C60339402323}.Debug|x64.Build.0 = Debug|Any CPU
		{C4DEF32B-8FBB-41B6-80DC-C60339402323}.Debug|x86.ActiveCfg = Debug|Any CPU
		{C4DEF32B-8FBB-41B6-80DC-C60339402323}.Debug|x86.Build.0 = Debug|Any CPU
		{C4DEF32B-8FBB-41B6-80DC-C60339402323}.Release|Any CPU.ActiveCfg = Release|Any CPU
		{C4DEF32B-8FBB-41B6-80DC-C60339402323}.Release|Any CPU.Build.0 = Release|Any CPU
		{C4DEF32B-8FBB-41B6-80DC-C60339402323}.Release|Win32.ActiveCfg = Release|Any CPU
		{C4DEF32B-8FBB-41B6-80DC-C60339402323}.Release|Win32.Build.0 = Release|Any CPU
		{C4DEF32B-8FBB-41B6-80DC-C60339402323}.Release|x64.ActiveCfg = Release|Any CPU
		{C4DEF32B-8FBB-41B6-80DC-C60339402323}.Release|x64.Build.0 = Release|Any CPU
		{C4DEF32B-8FBB-41B6-80DC-C60339402323}.Release|x86.ActiveCfg = Release|Any CPU
		{C4DEF32B-8FBB-41B6-80DC-C60339402323}.Release|x86.Build.0 = Release|Any CPU
		{A2CF5369-4665-49F6-B948-B44296002C3D}.Debug|Any CPU.ActiveCfg = Debug|Any CPU
		{A2CF5369-4665-49F6-B948-B44296002C3D}.Debug|Any CPU.Build.0 = Debug|Any CPU
		{A2CF5369-4665-49F6-B948-B44296002C3D}.Debug|Win32.ActiveCfg = Debug|Any CPU
		{A2CF5369-4665-49F6-B948-B44296002C3D}.Debug|Win32.Build.0 = Debug|Any CPU
		{A2CF5369-4665-49F6-B948-B44296002C3D}.Debug|x64.ActiveCfg = Debug|Any CPU
		{A2CF5369-4665-49F6-B948-B44296002C3D}.Debug|x86.ActiveCfg = Debug|Any CPU
		{A2CF5369-4665-49F6-B948-B44296002C3D}.Debug|x86.Build.0 = Debug|Any CPU
		{A2CF5369-4665-49F6-B948-B44296002C3D}.Release|Any CPU.ActiveCfg = Release|Any CPU
		{A2CF5369-4665-49F6-B948-B44296002C3D}.Release|Any CPU.Build.0 = Release|Any CPU
		{A2CF5369-4665-49F6-B948-B44296002C3D}.Release|Win32.ActiveCfg = Release|Any CPU
		{A2CF5369-4665-49F6-B948-B44296002C3D}.Release|Win32.Build.0 = Release|Any CPU
		{A2CF5369-4665-49F6-B948-B44296002C3D}.Release|x64.ActiveCfg = Release|Any CPU
		{A2CF5369-4665-49F6-B948-B44296002C3D}.Release|x86.ActiveCfg = Release|Any CPU
		{A2CF5369-4665-49F6-B948-B44296002C3D}.Release|x86.Build.0 = Release|Any CPU
		{33B8F5CA-34A7-4826-BAD9-7CEC63DF4D0C}.Debug|Any CPU.ActiveCfg = Debug|Any CPU
		{33B8F5CA-34A7-4826-BAD9-7CEC63DF4D0C}.Debug|Any CPU.Build.0 = Debug|Any CPU
		{33B8F5CA-34A7-4826-BAD9-7CEC63DF4D0C}.Debug|Win32.ActiveCfg = Debug|Any CPU
		{33B8F5CA-34A7-4826-BAD9-7CEC63DF4D0C}.Debug|Win32.Build.0 = Debug|Any CPU
		{33B8F5CA-34A7-4826-BAD9-7CEC63DF4D0C}.Debug|x64.ActiveCfg = Debug|Any CPU
		{33B8F5CA-34A7-4826-BAD9-7CEC63DF4D0C}.Debug|x64.Build.0 = Debug|Any CPU
		{33B8F5CA-34A7-4826-BAD9-7CEC63DF4D0C}.Debug|x86.ActiveCfg = Debug|Any CPU
		{33B8F5CA-34A7-4826-BAD9-7CEC63DF4D0C}.Debug|x86.Build.0 = Debug|Any CPU
		{33B8F5CA-34A7-4826-BAD9-7CEC63DF4D0C}.Release|Any CPU.ActiveCfg = Release|Any CPU
		{33B8F5CA-34A7-4826-BAD9-7CEC63DF4D0C}.Release|Any CPU.Build.0 = Release|Any CPU
		{33B8F5CA-34A7-4826-BAD9-7CEC63DF4D0C}.Release|Win32.ActiveCfg = Release|Any CPU
		{33B8F5CA-34A7-4826-BAD9-7CEC63DF4D0C}.Release|Win32.Build.0 = Release|Any CPU
		{33B8F5CA-34A7-4826-BAD9-7CEC63DF4D0C}.Release|x64.ActiveCfg = Release|Any CPU
		{33B8F5CA-34A7-4826-BAD9-7CEC63DF4D0C}.Release|x64.Build.0 = Release|Any CPU
		{33B8F5CA-34A7-4826-BAD9-7CEC63DF4D0C}.Release|x86.ActiveCfg = Release|Any CPU
		{33B8F5CA-34A7-4826-BAD9-7CEC63DF4D0C}.Release|x86.Build.0 = Release|Any CPU
		{7015572F-2B06-48AF-8CEA-340ACE68D25A}.Debug|Any CPU.ActiveCfg = Debug|Win32
		{7015572F-2B06-48AF-8CEA-340ACE68D25A}.Debug|Win32.ActiveCfg = Debug|Win32
		{7015572F-2B06-48AF-8CEA-340ACE68D25A}.Debug|Win32.Build.0 = Debug|Win32
		{7015572F-2B06-48AF-8CEA-340ACE68D25A}.Debug|x64.ActiveCfg = Debug|Win32
		{7015572F-2B06-48AF-8CEA-340ACE68D25A}.Debug|x86.ActiveCfg = Debug|Win32
		{7015572F-2B06-48AF-8CEA-340ACE68D25A}.Debug|x86.Build.0 = Debug|Win32
		{7015572F-2B06-48AF-8CEA-340ACE68D25A}.Release|Any CPU.ActiveCfg = Release|Win32
		{7015572F-2B06-48AF-8CEA-340ACE68D25A}.Release|Win32.ActiveCfg = Release|Win32
		{7015572F-2B06-48AF-8CEA-340ACE68D25A}.Release|Win32.Build.0 = Release|Win32
		{7015572F-2B06-48AF-8CEA-340ACE68D25A}.Release|x64.ActiveCfg = Release|Win32
		{7015572F-2B06-48AF-8CEA-340ACE68D25A}.Release|x86.ActiveCfg = Release|Win32
		{7015572F-2B06-48AF-8CEA-340ACE68D25A}.Release|x86.Build.0 = Release|Win32
		{B8B77FAC-92E4-4F3C-9A4E-11BE704B01EC}.Debug|Any CPU.ActiveCfg = Debug|Win32
		{B8B77FAC-92E4-4F3C-9A4E-11BE704B01EC}.Debug|Win32.ActiveCfg = Debug|Win32
		{B8B77FAC-92E4-4F3C-9A4E-11BE704B01EC}.Debug|Win32.Build.0 = Debug|Win32
		{B8B77FAC-92E4-4F3C-9A4E-11BE704B01EC}.Debug|x64.ActiveCfg = Debug|Win32
		{B8B77FAC-92E4-4F3C-9A4E-11BE704B01EC}.Debug|x86.ActiveCfg = Debug|Win32
		{B8B77FAC-92E4-4F3C-9A4E-11BE704B01EC}.Debug|x86.Build.0 = Debug|Win32
		{B8B77FAC-92E4-4F3C-9A4E-11BE704B01EC}.Release|Any CPU.ActiveCfg = Release|Win32
		{B8B77FAC-92E4-4F3C-9A4E-11BE704B01EC}.Release|Win32.ActiveCfg = Release|Win32
		{B8B77FAC-92E4-4F3C-9A4E-11BE704B01EC}.Release|Win32.Build.0 = Release|Win32
		{B8B77FAC-92E4-4F3C-9A4E-11BE704B01EC}.Release|x64.ActiveCfg = Release|Win32
		{B8B77FAC-92E4-4F3C-9A4E-11BE704B01EC}.Release|x86.ActiveCfg = Release|Win32
		{B8B77FAC-92E4-4F3C-9A4E-11BE704B01EC}.Release|x86.Build.0 = Release|Win32
		{1F17C570-17A3-4543-98CC-486AA25BB7F2}.Debug|Any CPU.ActiveCfg = Debug|Win32
		{1F17C570-17A3-4543-98CC-486AA25BB7F2}.Debug|Win32.ActiveCfg = Debug|Win32
		{1F17C570-17A3-4543-98CC-486AA25BB7F2}.Debug|Win32.Build.0 = Debug|Win32
		{1F17C570-17A3-4543-98CC-486AA25BB7F2}.Debug|x64.ActiveCfg = Debug|Win32
		{1F17C570-17A3-4543-98CC-486AA25BB7F2}.Debug|x86.ActiveCfg = Debug|Win32
		{1F17C570-17A3-4543-98CC-486AA25BB7F2}.Debug|x86.Build.0 = Debug|Win32
		{1F17C570-17A3-4543-98CC-486AA25BB7F2}.Release|Any CPU.ActiveCfg = Release|Win32
		{1F17C570-17A3-4543-98CC-486AA25BB7F2}.Release|Win32.ActiveCfg = Release|Win32
		{1F17C570-17A3-4543-98CC-486AA25BB7F2}.Release|Win32.Build.0 = Release|Win32
		{1F17C570-17A3-4543-98CC-486AA25BB7F2}.Release|x64.ActiveCfg = Release|Win32
		{1F17C570-17A3-4543-98CC-486AA25BB7F2}.Release|x86.ActiveCfg = Release|Win32
		{1F17C570-17A3-4543-98CC-486AA25BB7F2}.Release|x86.Build.0 = Release|Win32
		{D2EDD4A9-7F60-46A4-8A78-C83E9DA62212}.Debug|Any CPU.ActiveCfg = Debug|Any CPU
		{D2EDD4A9-7F60-46A4-8A78-C83E9DA62212}.Debug|Any CPU.Build.0 = Debug|Any CPU
		{D2EDD4A9-7F60-46A4-8A78-C83E9DA62212}.Debug|Win32.ActiveCfg = Debug|Any CPU
		{D2EDD4A9-7F60-46A4-8A78-C83E9DA62212}.Debug|Win32.Build.0 = Debug|Any CPU
		{D2EDD4A9-7F60-46A4-8A78-C83E9DA62212}.Debug|x64.ActiveCfg = Debug|Any CPU
		{D2EDD4A9-7F60-46A4-8A78-C83E9DA62212}.Debug|x64.Build.0 = Debug|Any CPU
		{D2EDD4A9-7F60-46A4-8A78-C83E9DA62212}.Debug|x86.ActiveCfg = Debug|Any CPU
		{D2EDD4A9-7F60-46A4-8A78-C83E9DA62212}.Debug|x86.Build.0 = Debug|Any CPU
		{D2EDD4A9-7F60-46A4-8A78-C83E9DA62212}.Release|Any CPU.ActiveCfg = Release|Any CPU
		{D2EDD4A9-7F60-46A4-8A78-C83E9DA62212}.Release|Any CPU.Build.0 = Release|Any CPU
		{D2EDD4A9-7F60-46A4-8A78-C83E9DA62212}.Release|Win32.ActiveCfg = Release|Any CPU
		{D2EDD4A9-7F60-46A4-8A78-C83E9DA62212}.Release|Win32.Build.0 = Release|Any CPU
		{D2EDD4A9-7F60-46A4-8A78-C83E9DA62212}.Release|x64.ActiveCfg = Release|Any CPU
		{D2EDD4A9-7F60-46A4-8A78-C83E9DA62212}.Release|x64.Build.0 = Release|Any CPU
		{D2EDD4A9-7F60-46A4-8A78-C83E9DA62212}.Release|x86.ActiveCfg = Release|Any CPU
		{D2EDD4A9-7F60-46A4-8A78-C83E9DA62212}.Release|x86.Build.0 = Release|Any CPU
		{BC696E0F-75D9-478B-9F3B-AF2B8F76CC1E}.Debug|Any CPU.ActiveCfg = Debug|Any CPU
		{BC696E0F-75D9-478B-9F3B-AF2B8F76CC1E}.Debug|Any CPU.Build.0 = Debug|Any CPU
		{BC696E0F-75D9-478B-9F3B-AF2B8F76CC1E}.Debug|Win32.ActiveCfg = Debug|Any CPU
		{BC696E0F-75D9-478B-9F3B-AF2B8F76CC1E}.Debug|Win32.Build.0 = Debug|Any CPU
		{BC696E0F-75D9-478B-9F3B-AF2B8F76CC1E}.Debug|x64.ActiveCfg = Debug|Any CPU
		{BC696E0F-75D9-478B-9F3B-AF2B8F76CC1E}.Debug|x64.Build.0 = Debug|Any CPU
		{BC696E0F-75D9-478B-9F3B-AF2B8F76CC1E}.Debug|x86.ActiveCfg = Debug|Any CPU
		{BC696E0F-75D9-478B-9F3B-AF2B8F76CC1E}.Debug|x86.Build.0 = Debug|Any CPU
		{BC696E0F-75D9-478B-9F3B-AF2B8F76CC1E}.Release|Any CPU.ActiveCfg = Release|Any CPU
		{BC696E0F-75D9-478B-9F3B-AF2B8F76CC1E}.Release|Any CPU.Build.0 = Release|Any CPU
		{BC696E0F-75D9-478B-9F3B-AF2B8F76CC1E}.Release|Win32.ActiveCfg = Release|Any CPU
		{BC696E0F-75D9-478B-9F3B-AF2B8F76CC1E}.Release|Win32.Build.0 = Release|Any CPU
		{BC696E0F-75D9-478B-9F3B-AF2B8F76CC1E}.Release|x64.ActiveCfg = Release|Any CPU
		{BC696E0F-75D9-478B-9F3B-AF2B8F76CC1E}.Release|x64.Build.0 = Release|Any CPU
		{BC696E0F-75D9-478B-9F3B-AF2B8F76CC1E}.Release|x86.ActiveCfg = Release|Any CPU
		{BC696E0F-75D9-478B-9F3B-AF2B8F76CC1E}.Release|x86.Build.0 = Release|Any CPU
		{A33272A7-5B75-4F41-8F7E-89479417B49C}.Debug|Any CPU.ActiveCfg = Debug|Any CPU
		{A33272A7-5B75-4F41-8F7E-89479417B49C}.Debug|Any CPU.Build.0 = Debug|Any CPU
		{A33272A7-5B75-4F41-8F7E-89479417B49C}.Debug|Win32.ActiveCfg = Debug|Any CPU
		{A33272A7-5B75-4F41-8F7E-89479417B49C}.Debug|Win32.Build.0 = Debug|Any CPU
		{A33272A7-5B75-4F41-8F7E-89479417B49C}.Debug|x64.ActiveCfg = Debug|Any CPU
		{A33272A7-5B75-4F41-8F7E-89479417B49C}.Debug|x64.Build.0 = Debug|Any CPU
		{A33272A7-5B75-4F41-8F7E-89479417B49C}.Debug|x86.ActiveCfg = Debug|Any CPU
		{A33272A7-5B75-4F41-8F7E-89479417B49C}.Debug|x86.Build.0 = Debug|Any CPU
		{A33272A7-5B75-4F41-8F7E-89479417B49C}.Release|Any CPU.ActiveCfg = Release|Any CPU
		{A33272A7-5B75-4F41-8F7E-89479417B49C}.Release|Any CPU.Build.0 = Release|Any CPU
		{A33272A7-5B75-4F41-8F7E-89479417B49C}.Release|Win32.ActiveCfg = Release|Any CPU
		{A33272A7-5B75-4F41-8F7E-89479417B49C}.Release|Win32.Build.0 = Release|Any CPU
		{A33272A7-5B75-4F41-8F7E-89479417B49C}.Release|x64.ActiveCfg = Release|Any CPU
		{A33272A7-5B75-4F41-8F7E-89479417B49C}.Release|x64.Build.0 = Release|Any CPU
		{A33272A7-5B75-4F41-8F7E-89479417B49C}.Release|x86.ActiveCfg = Release|Any CPU
		{A33272A7-5B75-4F41-8F7E-89479417B49C}.Release|x86.Build.0 = Release|Any CPU
		{F7A1B2C3-4D5E-6F78-9A0B-C1D2E3F40001}.Debug|Any CPU.ActiveCfg = Debug|x64
		{F7A1B2C3-4D5E-6F78-9A0B-C1D2E3F40001}.Debug|Win32.ActiveCfg = Debug|x64
		{F7A1B2C3-4D5E-6F78-9A0B-C1D2E3F40001}.Debug|x64.ActiveCfg = Debug|x64
		{F7A1B2C3-4D5E-6F78-9A0B-C1D2E3F40001}.Debug|x64.Build.0 = Debug|x64
		{F7A1B2C3-4D5E-6F78-9A0B-C1D2E3F40001}.Debug|x86.ActiveCfg = Debug|x64
		{F7A1B2C3-4D5E-6F78-9A0B-C1D2E3F40001}.Release|Any CPU.ActiveCfg = Release|x64
		{F7A1B2C3-4D5E-6F78-9A0B-C1D2E3F40001}.Release|Win32.ActiveCfg = Release|x64
		{F7A1B2C3-4D5E-6F78-9A0B-C1D2E3F40001}.Release|x64.ActiveCfg = Release|x64
		{F7A1B2C3-4D5E-6F78-9A0B-C1D2E3F40001}.Release|x64.Build.0 = Release|x64
		{F7A1B2C3-4D5E-6F78-9A0B-C1D2E3F40001}.Release|x86.ActiveCfg = Release|x64
	EndGlobalSection
	GlobalSection(SolutionProperties) = preSolution
		HideSolutionNode = FALSE
	EndGlobalSection
	GlobalSection(NestedProjects) = preSolution
		{D2EDD4A9-7F60-46A4-8A78-C83E9DA62212} = {0AB3BF05-4346-4AA6-1389-037BE0695223}
		{BC696E0F-75D9-478B-9F3B-AF2B8F76CC1E} = {0AB3BF05-4346-4AA6-1389-037BE0695223}
		{A33272A7-5B75-4F41-8F7E-89479417B49C} = {0AB3BF05-4346-4AA6-1389-037BE0695223}
		{F7A1B2C3-4D5E-6F78-9A0B-C1D2E3F40001} = {0AB3BF05-4346-4AA6-1389-037BE0695223}
	EndGlobalSection
EndGlobal
